{
  "version": 4,
  "terraform_version": "1.1.9",
  "serial": 4,
  "lineage": "fa5b82c1-9aba-b117-f040-4c2318c7c61e",
  "outputs": {},
  "resources": [
    {
      "mode": "managed",
      "type": "google_compute_network",
      "name": "vpc",
      "provider": "provider[\"registry.terraform.io/hashicorp/google\"]",
      "instances": [
        {
          "schema_version": 0,
          "attributes": {
            "auto_create_subnetworks": false,
            "delete_default_routes_on_create": false,
            "description": "",
            "gateway_ipv4": "",
            "id": "projects/vivid-nomad-358913/global/networks/vivid-nomad-358913-vpc",
            "mtu": 0,
            "name": "vivid-nomad-358913-vpc",
            "project": "vivid-nomad-358913",
            "routing_mode": "REGIONAL",
            "self_link": "https://www.googleapis.com/compute/v1/projects/vivid-nomad-358913/global/networks/vivid-nomad-358913-vpc",
            "timeouts": null
          },
          "sensitive_attributes": [],
          "private": "eyJlMmJmYjczMC1lY2FhLTExZTYtOGY4OC0zNDM2M2JjN2M0YzAiOnsiY3JlYXRlIjoyNDAwMDAwMDAwMDAsImRlbGV0ZSI6MjQwMDAwMDAwMDAwLCJ1cGRhdGUiOjI0MDAwMDAwMDAwMH19"
        }
      ]
    },
    {
      "mode": "managed",
      "type": "google_compute_subnetwork",
      "name": "subnet",
      "provider": "provider[\"registry.terraform.io/hashicorp/google\"]",
      "instances": [
        {
          "schema_version": 0,
          "attributes": {
            "creation_timestamp": "2022-08-09T13:13:30.794-07:00",
            "description": "",
            "fingerprint": null,
            "gateway_address": "10.10.0.1",
            "id": "projects/vivid-nomad-358913/regions/us-central1/subnetworks/vivid-nomad-358913-subnet",
            "ip_cidr_range": "10.10.0.0/24",
            "log_config": [],
            "name": "vivid-nomad-358913-subnet",
            "network": "https://www.googleapis.com/compute/v1/projects/vivid-nomad-358913/global/networks/vivid-nomad-358913-vpc",
            "private_ip_google_access": false,
            "private_ipv6_google_access": "DISABLE_GOOGLE_ACCESS",
            "project": "vivid-nomad-358913",
            "region": "us-central1",
            "secondary_ip_range": [],
            "self_link": "https://www.googleapis.com/compute/v1/projects/vivid-nomad-358913/regions/us-central1/subnetworks/vivid-nomad-358913-subnet",
            "timeouts": null
          },
          "sensitive_attributes": [],
          "private": "eyJlMmJmYjczMC1lY2FhLTExZTYtOGY4OC0zNDM2M2JjN2M0YzAiOnsiY3JlYXRlIjozNjAwMDAwMDAwMDAsImRlbGV0ZSI6MzYwMDAwMDAwMDAwLCJ1cGRhdGUiOjM2MDAwMDAwMDAwMH19",
          "dependencies": [
            "google_compute_network.vpc"
          ]
        }
      ]
    },
    {
      "mode": "managed",
      "type": "google_container_cluster",
      "name": "primary",
      "provider": "provider[\"registry.terraform.io/hashicorp/google\"]",
      "instances": [
        {
          "schema_version": 1,
          "attributes": {
            "addons_config": [
              {
                "cloudrun_config": [],
                "horizontal_pod_autoscaling": [],
                "http_load_balancing": [],
                "network_policy_config": [
                  {
                    "disabled": true
                  }
                ]
              }
            ],
            "authenticator_groups_config": [],
            "cluster_autoscaling": [
              {
                "auto_provisioning_defaults": [
                  {
                    "oauth_scopes": [
                      "https://www.googleapis.com/auth/devstorage.read_only",
                      "https://www.googleapis.com/auth/logging.write",
                      "https://www.googleapis.com/auth/monitoring",
                      "https://www.googleapis.com/auth/service.management.readonly",
                      "https://www.googleapis.com/auth/servicecontrol",
                      "https://www.googleapis.com/auth/trace.append"
                    ],
                    "service_account": "default"
                  }
                ],
                "enabled": true,
                "resource_limits": [
                  {
                    "maximum": 1000000000,
                    "minimum": 0,
                    "resource_type": "cpu"
                  },
                  {
                    "maximum": 1000000000,
                    "minimum": 0,
                    "resource_type": "memory"
                  }
                ]
              }
            ],
            "cluster_ipv4_cidr": "10.166.0.0/17",
            "database_encryption": [
              {
                "key_name": "",
                "state": "DECRYPTED"
              }
            ],
            "datapath_provider": "ADVANCED_DATAPATH",
            "default_max_pods_per_node": 110,
            "default_snat_status": [
              {
                "disabled": false
              }
            ],
            "description": "",
            "enable_autopilot": true,
            "enable_binary_authorization": false,
            "enable_intranode_visibility": true,
            "enable_kubernetes_alpha": false,
            "enable_legacy_abac": false,
            "enable_shielded_nodes": true,
            "enable_tpu": false,
            "endpoint": "34.66.214.142",
            "id": "projects/vivid-nomad-358913/locations/us-central1/clusters/vivid-nomad-358913-gke",
            "initial_node_count": 0,
            "instance_group_urls": [],
            "ip_allocation_policy": [
              {
                "cluster_ipv4_cidr_block": "10.166.0.0/17",
                "cluster_secondary_range_name": "gke-vivid-nomad-358913-gke-pods-8a56500a",
                "services_ipv4_cidr_block": "10.166.128.0/22",
                "services_secondary_range_name": "gke-vivid-nomad-358913-gke-services-8a56500a"
              }
            ],
            "label_fingerprint": "a9dc16a7",
            "location": "us-central1",
            "logging_service": "logging.googleapis.com/kubernetes",
            "maintenance_policy": [],
            "master_auth": [
              {
                "client_certificate": "",
                "client_certificate_config": [
                  {
                    "issue_client_certificate": false
                  }
                ],
                "client_key": "",
                "cluster_ca_certificate": "LS0tLS1CRUdJTiBDRVJUSUZJQ0FURS0tLS0tCk1JSUVMVENDQXBXZ0F3SUJBZ0lSQUp5eHFTNHIzcGl0Ky9FRDR2dVZrVDh3RFFZSktvWklodmNOQVFFTEJRQXcKTHpFdE1Dc0dBMVVFQXhNa09EZ3lNbUkwTVRFdE1UaGhaQzAwTW1ZeUxXRmhPVFV0TmprM056RTBZVGN6WmpSbApNQ0FYRFRJeU1EZ3dPVEU1TVRNME5Wb1lEekl3TlRJd09EQXhNakF4TXpRMVdqQXZNUzB3S3dZRFZRUURFeVE0Ck9ESXlZalF4TVMweE9HRmtMVFF5WmpJdFlXRTVOUzAyT1RjM01UUmhOek5tTkdVd2dnR2lNQTBHQ1NxR1NJYjMKRFFFQkFRVUFBNElCandBd2dnR0tBb0lCZ1FDdU1KazFiMVp4Q2NGMGhWYWoxNmJMUmlKRmZKRDRJa1dCVHVQaApVTDREQjB5YldXM3dGSXZValk5aHdkLzY0c3AwcW9pQnB4VG9FdXdrN3p1K3FwN3NIVG9hd2xtSjlWSlhRNE54CnVtTUl0RWhtL2pxU3poZWFWZDZUY09FaHA4eDU4elI1bmNyU3pIaE5RWHZreTFPSXltMlRSSThsZ3NKdkpSUFYKOUE5eEdHSjVld3hOUndZRHhUZDRmQXc4VjdvWHdtazJnRFhTR3lMWk56UGJCam50Ky8yM0V6aWFlZWxZazNqaQphTnVNcG9qczRPVmlWV09Ccnp4OWt0WVV6RCsvVnNudmVDU2VVWHFabjZRTkYydDBUcUF1VVRHYjlsMmJ0K0N6ClplVS9aeGM1SFE0TWdtWUk5Vk9weFpvVXNEa1VjODlUMWM4WGdqZ01aZEZYcnJoRlFXekF0UDhMSzZIdWJYQmEKMXVTYVY3SkRpMTZhYXQ3RGQ4NkdlOUdqTThMYjZnYXIyNzd5UE9BMWRDMnZtcnAzVFFXek9RNEFvbERSSXVzegpkcW5uTzM3U3FmOWowNDJEelR3OTh5VS9IWmRKRy9hdThQZ0sxT0cxSEM3NUUxSHBEeUE0S3EzT2U5SGJ4RVp2Cmw1b1Z3NDRHMzhBWXZmS1NMSWt2WTBBRDFGRUNBd0VBQWFOQ01FQXdEZ1lEVlIwUEFRSC9CQVFEQWdJRU1BOEcKQTFVZEV3RUIvd1FGTUFNQkFmOHdIUVlEVlIwT0JCWUVGQUhjUjRUakZpcmhzb3EreTBUMHdadkFFc3B4TUEwRwpDU3FHU0liM0RRRUJDd1VBQTRJQmdRQTNzci9pYU9qK3E4cmtPM2J5Q1U3MlpKMEVzRndxSFZIYTBUbU8vQ0VICms0d1hjZnNzZVNrbjByMmNZOHFaa09rUnJaMVMwY25QMG0rQ2toc0ZLeHI5azQwZWpFUllPSXdsNUhYWTZPVjYKZjk5TnFxU1RlSmd0U1h4NGV1WkFLMXFGNXRKMDRvbmdwdVYvd2dJZGJiNm1Uay8zWG8xd1djRXdSMGhzZVppSgpkUzBDVTN2bE5Jcm42c2kzTnV3V29LM3NOdFpJeEdSTThVK1d0dWVESlp3b2RZMlJyd0hLS3VxYTFCeUJWVXBCCjBrSXljVmpoMlJEb05qZHNONDZoZkpZbzUvbTVGZFRMVkpzYW1MTDVnRFdjM0lYakhFc1NGdXh2bHRjNmRVUloKVk0vYi9UWkdreDRaRUdtMEcvWTcrcWk1NTZSajJ6eG0rS2EzNHBFMm9melQ2Q0VqalpmMlJjWlA1Q0R2ampGRgpIVmhjekdaY3N2MzRBUEF0OEdIeWFPT1BuQkNOb29aQ1BFY2ZLMnNlOFRZU3c2cGpyNVdFZ0paeXhBMWpCcktwCnUvRlFGZ0t1ejZGQmhwNXJlUXgrSWYxTUJoR2lVSURib3B3VkJsVURYbzk1S25JTGFlQmRiOUNWT1dnTUJnWUEKUTY5WGhMTVh2RktzTzQrVSt6dXFNU3M9Ci0tLS0tRU5EIENFUlRJRklDQVRFLS0tLS0K",
                "password": "",
                "username": ""
              }
            ],
            "master_authorized_networks_config": [],
            "master_version": "1.22.10-gke.600",
            "min_master_version": null,
            "monitoring_service": "monitoring.googleapis.com/kubernetes",
            "name": "vivid-nomad-358913-gke",
            "network": "projects/vivid-nomad-358913/global/networks/vivid-nomad-358913-vpc",
            "network_policy": [
              {
                "enabled": false,
                "provider": "PROVIDER_UNSPECIFIED"
              }
            ],
            "networking_mode": "VPC_NATIVE",
            "node_config": [
              {
                "disk_size_gb": 100,
                "disk_type": "pd-standard",
                "guest_accelerator": [],
                "image_type": "COS_CONTAINERD",
                "labels": {},
                "local_ssd_count": 0,
                "machine_type": "e2-medium",
                "metadata": {
                  "disable-legacy-endpoints": "true"
                },
                "min_cpu_platform": "",
                "oauth_scopes": [
                  "https://www.googleapis.com/auth/devstorage.read_only",
                  "https://www.googleapis.com/auth/logging.write",
                  "https://www.googleapis.com/auth/monitoring",
                  "https://www.googleapis.com/auth/service.management.readonly",
                  "https://www.googleapis.com/auth/servicecontrol",
                  "https://www.googleapis.com/auth/trace.append"
                ],
                "preemptible": false,
                "service_account": "default",
                "shielded_instance_config": [
                  {
                    "enable_integrity_monitoring": true,
                    "enable_secure_boot": true
                  }
                ],
                "tags": [],
                "taint": [],
                "workload_metadata_config": [
                  {
                    "node_metadata": "GKE_METADATA_SERVER"
                  }
                ]
              }
            ],
            "node_locations": [
              "us-central1-a",
              "us-central1-b",
              "us-central1-c",
              "us-central1-f"
            ],
            "node_pool": [
              {
                "autoscaling": [
                  {
                    "max_node_count": 1000,
                    "min_node_count": 0
                  }
                ],
                "initial_node_count": 1,
                "instance_group_urls": [],
                "management": [
                  {
                    "auto_repair": true,
                    "auto_upgrade": true
                  }
                ],
                "max_pods_per_node": 32,
                "name": "default-pool",
                "name_prefix": "",
                "node_config": [
                  {
                    "disk_size_gb": 100,
                    "disk_type": "pd-standard",
                    "guest_accelerator": [],
                    "image_type": "COS_CONTAINERD",
                    "labels": {},
                    "local_ssd_count": 0,
                    "machine_type": "e2-medium",
                    "metadata": {
                      "disable-legacy-endpoints": "true"
                    },
                    "min_cpu_platform": "",
                    "oauth_scopes": [
                      "https://www.googleapis.com/auth/devstorage.read_only",
                      "https://www.googleapis.com/auth/logging.write",
                      "https://www.googleapis.com/auth/monitoring",
                      "https://www.googleapis.com/auth/service.management.readonly",
                      "https://www.googleapis.com/auth/servicecontrol",
                      "https://www.googleapis.com/auth/trace.append"
                    ],
                    "preemptible": false,
                    "service_account": "default",
                    "shielded_instance_config": [
                      {
                        "enable_integrity_monitoring": true,
                        "enable_secure_boot": true
                      }
                    ],
                    "tags": [],
                    "taint": [],
                    "workload_metadata_config": [
                      {
                        "node_metadata": "GKE_METADATA_SERVER"
                      }
                    ]
                  }
                ],
                "node_count": 0,
                "node_locations": [
                  "us-central1-a",
                  "us-central1-f"
                ],
                "upgrade_settings": [
                  {
                    "max_surge": 1,
                    "max_unavailable": 0
                  }
                ],
                "version": "1.22.10-gke.600"
              }
            ],
            "node_version": "1.22.10-gke.600",
            "operation": null,
            "pod_security_policy_config": [],
            "private_cluster_config": [],
            "private_ipv6_google_access": "",
            "project": "vivid-nomad-358913",
            "release_channel": [
              {
                "channel": "REGULAR"
              }
            ],
            "remove_default_node_pool": null,
            "resource_labels": null,
            "resource_usage_export_config": [],
            "self_link": "https://container.googleapis.com/v1beta1/projects/vivid-nomad-358913/locations/us-central1/clusters/vivid-nomad-358913-gke",
            "services_ipv4_cidr": "10.166.128.0/22",
            "subnetwork": "projects/vivid-nomad-358913/regions/us-central1/subnetworks/vivid-nomad-358913-subnet",
            "timeouts": null,
            "tpu_ipv4_cidr_block": "",
            "vertical_pod_autoscaling": [
              {
                "enabled": true
              }
            ],
            "workload_identity_config": [
              {
                "identity_namespace": "vivid-nomad-358913.svc.id.goog"
              }
            ]
          },
          "sensitive_attributes": [],
          "private": "eyJlMmJmYjczMC1lY2FhLTExZTYtOGY4OC0zNDM2M2JjN2M0YzAiOnsiY3JlYXRlIjoyNDAwMDAwMDAwMDAwLCJkZWxldGUiOjI0MDAwMDAwMDAwMDAsInJlYWQiOjI0MDAwMDAwMDAwMDAsInVwZGF0ZSI6MzYwMDAwMDAwMDAwMH0sInNjaGVtYV92ZXJzaW9uIjoiMSJ9",
          "dependencies": [
            "google_compute_network.vpc",
            "google_compute_subnetwork.subnet"
          ]
        }
      ]
    }
  ]
}
